{
  "originHash" : "f66187a6696af25c00ff9fb63e26b9c34c25fdd9b837cd7eea931952f26cea3d",
  "pins" : [
    {
      "identity" : "asyncutils",
      "kind" : "remoteSourceControl",
      "location" : "https://github.com/yu840915/AsyncUtils.git",
      "state" : {
        "branch" : "main",
        "revision" : "127ed8f895cfc8018ea0942a87015a48c7064019"
      }
    },
    {
      "identity" : "logcontext",
      "kind" : "remoteSourceControl",
      "location" : "https://github.com/yu840915/LogContext.git",
      "state" : {
        "branch" : "main",
        "revision" : "e1cffbfbb37e5990b806143348db47c3cfd520a3"
      }
    },
    {
      "identity" : "openssl-package",
      "kind" : "remoteSourceControl",
      "location" : "https://github.com/krzyzanowskim/OpenSSL-Package.git",
      "state" : {
        "revision" : "71dbe0b4514cdaad95961470db72e8231f5943a6",
        "version" : "3.3.3001"
      }
    }
  ],
  "version" : 3
}
