{
  "originHash" : "5c7f5ac730da5ba82611042103903986ec0cc31f91997a1b2edeaa3709405486",
  "pins" : [
    {
      "identity" : "asyncutils",
      "kind" : "remoteSourceControl",
      "location" : "https://github.com/yu840915/AsyncUtils.git",
      "state" : {
        "branch" : "main",
        "revision" : "127ed8f895cfc8018ea0942a87015a48c7064019"
      }
    },
    {
      "identity" : "openssl-package",
      "kind" : "remoteSourceControl",
      "location" : "https://github.com/krzyzanowskim/OpenSSL-Package.git",
      "state" : {
        "revision" : "71dbe0b4514cdaad95961470db72e8231f5943a6",
        "version" : "3.3.3001"
      }
    }
  ],
  "version" : 3
}
